
Microsoft Visual Studio Solution File, Format Version 12.00
# Visual Studio Version 17
VisualStudioVersion = 17.1.32414.318
MinimumVisualStudioVersion = 10.0.40219.1
Project("{FAE04EC0-301F-11D3-BF4B-00C04F79EFBC}") = "SpikySpamShellExtension", "SpikySpamShellExtension\SpikySpamShellExtension.csproj", "{D825E2EF-2A77-4D18-9694-D7E2827ADAF9}"
EndProject
Project("{FAE04EC0-301F-11D3-BF4B-00C04F79EFBC}") = "SpikySpamShellTest", "SpikySpamShellTest\SpikySpamShellTest.csproj", "{9F39967C-2744-4E80-A521-FF0BE818722B}"
EndProject
Global
	GlobalSection(SolutionConfigurationPlatforms) = preSolution
		Debug|Any CPU = Debug|Any CPU
		Release|Any CPU = Release|Any CPU
	EndGlobalSection
	GlobalSection(ProjectConfigurationPlatforms) = postSolution
		{D825E2EF-2A77-4D18-9694-D7E2827ADAF9}.Debug|Any CPU.ActiveCfg = Debug|Any CPU
		{D825E2EF-2A77-4D18-9694-D7E2827ADAF9}.Debug|Any CPU.Build.0 = Debug|Any CPU
		{D825E2EF-2A77-4D18-9694-D7E2827ADAF9}.Release|Any CPU.ActiveCfg = Release|Any CPU
		{D825E2EF-2A77-4D18-9694-D7E2827ADAF9}.Release|Any CPU.Build.0 = Release|Any CPU
		{9F39967C-2744-4E80-A521-FF0BE818722B}.Debug|Any CPU.ActiveCfg = Debug|Any CPU
		{9F39967C-2744-4E80-A521-FF0BE818722B}.Debug|Any CPU.Build.0 = Debug|Any CPU
		{9F39967C-2744-4E80-A521-FF0BE818722B}.Release|Any CPU.ActiveCfg = Release|Any CPU
		{9F39967C-2744-4E80-A521-FF0BE818722B}.Release|Any CPU.Build.0 = Release|Any CPU
	EndGlobalSection
	GlobalSection(SolutionProperties) = preSolution
		HideSolutionNode = FALSE
	EndGlobalSection
	GlobalSection(ExtensibilityGlobals) = postSolution
		SolutionGuid = {FF825C19-BEC5-4BE1-9434-8F33CC9D9920}
	EndGlobalSection
EndGlobal
